<?xml version="1.0" encoding="UTF-8"?>
<Scheme
   version = "1.3">
   <BuildAction>
      <BuildActionEntries>
         <BuildActionEntry
            buildForRunning = "YES">
            <BuildableReference
               BuildableIdentifier = "primary"
               BlueprintIdentifier = "5056FEE06C0EE897C8A21998"
               BuildableName = "C++ Thing 4 - Power Log"
               BlueprintName = "C++ Thing 4 - Power Log"
               ReferencedContainer = "container:C++ Thing 4 - Power Log.xcodeproj">
            </BuildableReference>
         </BuildActionEntry>
      </BuildActionEntries>
   </BuildAction>
   <LaunchAction
      useCustomWorkingDirectory = "NO"
      buildConfiguration = "Debug">
      <BuildableProductRunnable>
         <BuildableReference
            BuildableIdentifier = "primary"
            BlueprintIdentifier = "5056FEE06C0EE897C8A21998"
            BuildableName = "C++ Thing 4 - Power Log"
            BlueprintName = "C++ Thing 4 - Power Log"
            ReferencedContainer = "container:C++ Thing 4 - Power Log.xcodeproj">
         </BuildableReference>
      </BuildableProductRunnable>
   </LaunchAction>
</Scheme>
